// !$*UTF8*$!
{
	archiveVersion = 1;
	classes = {
	};
	objectVersion = 46;
	objects = {

/* Begin PBXBuildFile section */
		08C457F8189C23FD00E174FD /* FTLClub.m in Sources */ = {isa = PBXBuildFile; fileRef = 08C457F7189C23FD00E174FD /* FTLClub.m */; };
		08C457FB189C30FE00E174FD /* FTLMatch.m in Sources */ = {isa = PBXBuildFile; fileRef = 08C457FA189C30FE00E174FD /* FTLMatch.m */; };
		0F003BA6189C1021005E35F6 /* Foundation.framework in Frameworks */ = {isa = PBXBuildFile; fileRef = 0F003BA5189C1021005E35F6 /* Foundation.framework */; };
		0F003BA8189C1021005E35F6 /* CoreGraphics.framework in Frameworks */ = {isa = PBXBuildFile; fileRef = 0F003BA7189C1021005E35F6 /* CoreGraphics.framework */; };
		0F003BAA189C1021005E35F6 /* UIKit.framework in Frameworks */ = {isa = PBXBuildFile; fileRef = 0F003BA9189C1021005E35F6 /* UIKit.framework */; };
		0F003BB0189C1021005E35F6 /* InfoPlist.strings in Resources */ = {isa = PBXBuildFile; fileRef = 0F003BAE189C1021005E35F6 /* InfoPlist.strings */; };
		0F003BB2189C1021005E35F6 /* main.m in Sources */ = {isa = PBXBuildFile; fileRef = 0F003BB1189C1021005E35F6 /* main.m */; };
		0F003BB6189C1021005E35F6 /* FTLAppDelegate.m in Sources */ = {isa = PBXBuildFile; fileRef = 0F003BB5189C1021005E35F6 /* FTLAppDelegate.m */; };
		0F003BB8189C1021005E35F6 /* Images.xcassets in Resources */ = {isa = PBXBuildFile; fileRef = 0F003BB7189C1021005E35F6 /* Images.xcassets */; };
		0F003BBF189C1021005E35F6 /* XCTest.framework in Frameworks */ = {isa = PBXBuildFile; fileRef = 0F003BBE189C1021005E35F6 /* XCTest.framework */; };
		0F003BC0189C1021005E35F6 /* Foundation.framework in Frameworks */ = {isa = PBXBuildFile; fileRef = 0F003BA5189C1021005E35F6 /* Foundation.framework */; };
		0F003BC1189C1021005E35F6 /* UIKit.framework in Frameworks */ = {isa = PBXBuildFile; fileRef = 0F003BA9189C1021005E35F6 /* UIKit.framework */; };
		0F003BC9189C1021005E35F6 /* InfoPlist.strings in Resources */ = {isa = PBXBuildFile; fileRef = 0F003BC7189C1021005E35F6 /* InfoPlist.strings */; };
		0F003BCB189C1021005E35F6 /* FutuLeagueTests.m in Sources */ = {isa = PBXBuildFile; fileRef = 0F003BCA189C1021005E35F6 /* FutuLeagueTests.m */; };
		0F003BD9189C1184005E35F6 /* FTLRankingsViewController.m in Sources */ = {isa = PBXBuildFile; fileRef = 0F003BD8189C1184005E35F6 /* FTLRankingsViewController.m */; };
		0F003BDC189C12E3005E35F6 /* FTLRankingsViewModel.m in Sources */ = {isa = PBXBuildFile; fileRef = 0F003BDB189C12E3005E35F6 /* FTLRankingsViewModel.m */; };
		0F003BDF189C144E005E35F6 /* FTLPlayer.m in Sources */ = {isa = PBXBuildFile; fileRef = 0F003BDE189C144E005E35F6 /* FTLPlayer.m */; };
		0F003BE3189C2702005E35F6 /* FTLPlayerStore.m in Sources */ = {isa = PBXBuildFile; fileRef = 0F003BE2189C2702005E35F6 /* FTLPlayerStore.m */; };
		0F003BE7189C29A7005E35F6 /* FTLAPISessionManager.m in Sources */ = {isa = PBXBuildFile; fileRef = 0F003BE6189C29A7005E35F6 /* FTLAPISessionManager.m */; };
		0F003BEA189C2BD8005E35F6 /* FTLAPISessionManager+Signals.m in Sources */ = {isa = PBXBuildFile; fileRef = 0F003BE9189C2BD8005E35F6 /* FTLAPISessionManager+Signals.m */; };
		0F003BED189C3FF0005E35F6 /* FTLNewMatchViewController.m in Sources */ = {isa = PBXBuildFile; fileRef = 0F003BEC189C3FF0005E35F6 /* FTLNewMatchViewController.m */; };
		0F003BF0189C406D005E35F6 /* FTLNewMatchViewModel.m in Sources */ = {isa = PBXBuildFile; fileRef = 0F003BEF189C406D005E35F6 /* FTLNewMatchViewModel.m */; };
		3A18958FB7B044F69148A9C7 /* libPods-FutuLeague.a in Frameworks */ = {isa = PBXBuildFile; fileRef = 85619236010D42FBB50D56B4 /* libPods-FutuLeague.a */; };
/* End PBXBuildFile section */

/* Begin PBXContainerItemProxy section */
		0F003BC2189C1021005E35F6 /* PBXContainerItemProxy */ = {
			isa = PBXContainerItemProxy;
			containerPortal = 0F003B9A189C1021005E35F6 /* Project object */;
			proxyType = 1;
			remoteGlobalIDString = 0F003BA1189C1021005E35F6;
			remoteInfo = FutuLeague;
		};
/* End PBXContainerItemProxy section */

/* Begin PBXFileReference section */
		08C457F6189C23FD00E174FD /* FTLClub.h */ = {isa = PBXFileReference; fileEncoding = 4; lastKnownFileType = sourcecode.c.h; path = FTLClub.h; sourceTree = "<group>"; };
		08C457F7189C23FD00E174FD /* FTLClub.m */ = {isa = PBXFileReference; fileEncoding = 4; lastKnownFileType = sourcecode.c.objc; path = FTLClub.m; sourceTree = "<group>"; };
		08C457F9189C30FE00E174FD /* FTLMatch.h */ = {isa = PBXFileReference; fileEncoding = 4; lastKnownFileType = sourcecode.c.h; path = FTLMatch.h; sourceTree = "<group>"; };
		08C457FA189C30FE00E174FD /* FTLMatch.m */ = {isa = PBXFileReference; fileEncoding = 4; lastKnownFileType = sourcecode.c.objc; path = FTLMatch.m; sourceTree = "<group>"; };
		0F003BA2189C1021005E35F6 /* FutuLeague.app */ = {isa = PBXFileReference; explicitFileType = wrapper.application; includeInIndex = 0; path = FutuLeague.app; sourceTree = BUILT_PRODUCTS_DIR; };
		0F003BA5189C1021005E35F6 /* Foundation.framework */ = {isa = PBXFileReference; lastKnownFileType = wrapper.framework; name = Foundation.framework; path = System/Library/Frameworks/Foundation.framework; sourceTree = SDKROOT; };
		0F003BA7189C1021005E35F6 /* CoreGraphics.framework */ = {isa = PBXFileReference; lastKnownFileType = wrapper.framework; name = CoreGraphics.framework; path = System/Library/Frameworks/CoreGraphics.framework; sourceTree = SDKROOT; };
		0F003BA9189C1021005E35F6 /* UIKit.framework */ = {isa = PBXFileReference; lastKnownFileType = wrapper.framework; name = UIKit.framework; path = System/Library/Frameworks/UIKit.framework; sourceTree = SDKROOT; };
		0F003BAD189C1021005E35F6 /* FutuLeague-Info.plist */ = {isa = PBXFileReference; lastKnownFileType = text.plist.xml; path = "FutuLeague-Info.plist"; sourceTree = "<group>"; };
		0F003BAF189C1021005E35F6 /* en */ = {isa = PBXFileReference; lastKnownFileType = text.plist.strings; name = en; path = en.lproj/InfoPlist.strings; sourceTree = "<group>"; };
		0F003BB1189C1021005E35F6 /* main.m */ = {isa = PBXFileReference; lastKnownFileType = sourcecode.c.objc; path = main.m; sourceTree = "<group>"; };
		0F003BB3189C1021005E35F6 /* FutuLeague-Prefix.pch */ = {isa = PBXFileReference; lastKnownFileType = sourcecode.c.h; path = "FutuLeague-Prefix.pch"; sourceTree = "<group>"; };
		0F003BB4189C1021005E35F6 /* FTLAppDelegate.h */ = {isa = PBXFileReference; lastKnownFileType = sourcecode.c.h; path = FTLAppDelegate.h; sourceTree = "<group>"; };
		0F003BB5189C1021005E35F6 /* FTLAppDelegate.m */ = {isa = PBXFileReference; lastKnownFileType = sourcecode.c.objc; path = FTLAppDelegate.m; sourceTree = "<group>"; };
		0F003BB7189C1021005E35F6 /* Images.xcassets */ = {isa = PBXFileReference; lastKnownFileType = folder.assetcatalog; path = Images.xcassets; sourceTree = "<group>"; };
		0F003BBD189C1021005E35F6 /* FutuLeagueTests.xctest */ = {isa = PBXFileReference; explicitFileType = wrapper.cfbundle; includeInIndex = 0; path = FutuLeagueTests.xctest; sourceTree = BUILT_PRODUCTS_DIR; };
		0F003BBE189C1021005E35F6 /* XCTest.framework */ = {isa = PBXFileReference; lastKnownFileType = wrapper.framework; name = XCTest.framework; path = Library/Frameworks/XCTest.framework; sourceTree = DEVELOPER_DIR; };
		0F003BC6189C1021005E35F6 /* FutuLeagueTests-Info.plist */ = {isa = PBXFileReference; lastKnownFileType = text.plist.xml; path = "FutuLeagueTests-Info.plist"; sourceTree = "<group>"; };
		0F003BC8189C1021005E35F6 /* en */ = {isa = PBXFileReference; lastKnownFileType = text.plist.strings; name = en; path = en.lproj/InfoPlist.strings; sourceTree = "<group>"; };
		0F003BCA189C1021005E35F6 /* FutuLeagueTests.m */ = {isa = PBXFileReference; lastKnownFileType = sourcecode.c.objc; path = FutuLeagueTests.m; sourceTree = "<group>"; };
		0F003BD7189C1184005E35F6 /* FTLRankingsViewController.h */ = {isa = PBXFileReference; fileEncoding = 4; lastKnownFileType = sourcecode.c.h; path = FTLRankingsViewController.h; sourceTree = "<group>"; };
		0F003BD8189C1184005E35F6 /* FTLRankingsViewController.m */ = {isa = PBXFileReference; fileEncoding = 4; lastKnownFileType = sourcecode.c.objc; path = FTLRankingsViewController.m; sourceTree = "<group>"; };
		0F003BDA189C12E3005E35F6 /* FTLRankingsViewModel.h */ = {isa = PBXFileReference; fileEncoding = 4; lastKnownFileType = sourcecode.c.h; path = FTLRankingsViewModel.h; sourceTree = "<group>"; };
		0F003BDB189C12E3005E35F6 /* FTLRankingsViewModel.m */ = {isa = PBXFileReference; fileEncoding = 4; lastKnownFileType = sourcecode.c.objc; path = FTLRankingsViewModel.m; sourceTree = "<group>"; };
		0F003BDD189C144E005E35F6 /* FTLPlayer.h */ = {isa = PBXFileReference; fileEncoding = 4; lastKnownFileType = sourcecode.c.h; path = FTLPlayer.h; sourceTree = "<group>"; };
		0F003BDE189C144E005E35F6 /* FTLPlayer.m */ = {isa = PBXFileReference; fileEncoding = 4; lastKnownFileType = sourcecode.c.objc; path = FTLPlayer.m; sourceTree = "<group>"; };
		0F003BE1189C2702005E35F6 /* FTLPlayerStore.h */ = {isa = PBXFileReference; fileEncoding = 4; lastKnownFileType = sourcecode.c.h; path = FTLPlayerStore.h; sourceTree = "<group>"; };
		0F003BE2189C2702005E35F6 /* FTLPlayerStore.m */ = {isa = PBXFileReference; fileEncoding = 4; lastKnownFileType = sourcecode.c.objc; path = FTLPlayerStore.m; sourceTree = "<group>"; };
		0F003BE5189C29A7005E35F6 /* FTLAPISessionManager.h */ = {isa = PBXFileReference; fileEncoding = 4; lastKnownFileType = sourcecode.c.h; path = FTLAPISessionManager.h; sourceTree = "<group>"; };
		0F003BE6189C29A7005E35F6 /* FTLAPISessionManager.m */ = {isa = PBXFileReference; fileEncoding = 4; lastKnownFileType = sourcecode.c.objc; path = FTLAPISessionManager.m; sourceTree = "<group>"; };
		0F003BE8189C2BD8005E35F6 /* FTLAPISessionManager+Signals.h */ = {isa = PBXFileReference; fileEncoding = 4; lastKnownFileType = sourcecode.c.h; path = "FTLAPISessionManager+Signals.h"; sourceTree = "<group>"; };
		0F003BE9189C2BD8005E35F6 /* FTLAPISessionManager+Signals.m */ = {isa = PBXFileReference; fileEncoding = 4; lastKnownFileType = sourcecode.c.objc; path = "FTLAPISessionManager+Signals.m"; sourceTree = "<group>"; };
		0F003BEB189C3FF0005E35F6 /* FTLNewMatchViewController.h */ = {isa = PBXFileReference; fileEncoding = 4; lastKnownFileType = sourcecode.c.h; path = FTLNewMatchViewController.h; sourceTree = "<group>"; };
		0F003BEC189C3FF0005E35F6 /* FTLNewMatchViewController.m */ = {isa = PBXFileReference; fileEncoding = 4; lastKnownFileType = sourcecode.c.objc; path = FTLNewMatchViewController.m; sourceTree = "<group>"; };
		0F003BEE189C406D005E35F6 /* FTLNewMatchViewModel.h */ = {isa = PBXFileReference; fileEncoding = 4; lastKnownFileType = sourcecode.c.h; path = FTLNewMatchViewModel.h; sourceTree = "<group>"; };
		0F003BEF189C406D005E35F6 /* FTLNewMatchViewModel.m */ = {isa = PBXFileReference; fileEncoding = 4; lastKnownFileType = sourcecode.c.objc; path = FTLNewMatchViewModel.m; sourceTree = "<group>"; };
		85619236010D42FBB50D56B4 /* libPods-FutuLeague.a */ = {isa = PBXFileReference; explicitFileType = archive.ar; includeInIndex = 0; path = "libPods-FutuLeague.a"; sourceTree = BUILT_PRODUCTS_DIR; };
		BC97C4AD9ECC4E36ADB7611F /* Pods-FutuLeague.xcconfig */ = {isa = PBXFileReference; includeInIndex = 1; lastKnownFileType = text.xcconfig; name = "Pods-FutuLeague.xcconfig"; path = "Pods/Pods-FutuLeague.xcconfig"; sourceTree = "<group>"; };
/* End PBXFileReference section */

/* Begin PBXFrameworksBuildPhase section */
		0F003B9F189C1021005E35F6 /* Frameworks */ = {
			isa = PBXFrameworksBuildPhase;
			buildActionMask = 2147483647;
			files = (
				0F003BA8189C1021005E35F6 /* CoreGraphics.framework in Frameworks */,
				0F003BAA189C1021005E35F6 /* UIKit.framework in Frameworks */,
				0F003BA6189C1021005E35F6 /* Foundation.framework in Frameworks */,
				3A18958FB7B044F69148A9C7 /* libPods-FutuLeague.a in Frameworks */,
			);
			runOnlyForDeploymentPostprocessing = 0;
		};
		0F003BBA189C1021005E35F6 /* Frameworks */ = {
			isa = PBXFrameworksBuildPhase;
			buildActionMask = 2147483647;
			files = (
				0F003BBF189C1021005E35F6 /* XCTest.framework in Frameworks */,
				0F003BC1189C1021005E35F6 /* UIKit.framework in Frameworks */,
				0F003BC0189C1021005E35F6 /* Foundation.framework in Frameworks */,
			);
			runOnlyForDeploymentPostprocessing = 0;
		};
/* End PBXFrameworksBuildPhase section */

/* Begin PBXGroup section */
		0F003B99189C1021005E35F6 = {
			isa = PBXGroup;
			children = (
				0F003BAB189C1021005E35F6 /* FutuLeague */,
				0F003BC4189C1021005E35F6 /* FutuLeagueTests */,
				0F003BA4189C1021005E35F6 /* Frameworks */,
				0F003BA3189C1021005E35F6 /* Products */,
				BC97C4AD9ECC4E36ADB7611F /* Pods-FutuLeague.xcconfig */,
			);
			sourceTree = "<group>";
		};
		0F003BA3189C1021005E35F6 /* Products */ = {
			isa = PBXGroup;
			children = (
				0F003BA2189C1021005E35F6 /* FutuLeague.app */,
				0F003BBD189C1021005E35F6 /* FutuLeagueTests.xctest */,
			);
			name = Products;
			sourceTree = "<group>";
		};
		0F003BA4189C1021005E35F6 /* Frameworks */ = {
			isa = PBXGroup;
			children = (
				0F003BA5189C1021005E35F6 /* Foundation.framework */,
				0F003BA7189C1021005E35F6 /* CoreGraphics.framework */,
				0F003BA9189C1021005E35F6 /* UIKit.framework */,
				0F003BBE189C1021005E35F6 /* XCTest.framework */,
				85619236010D42FBB50D56B4 /* libPods-FutuLeague.a */,
			);
			name = Frameworks;
			sourceTree = "<group>";
		};
		0F003BAB189C1021005E35F6 /* FutuLeague */ = {
			isa = PBXGroup;
			children = (
				0F003BD6189C10D9005E35F6 /* Models */,
				0F003BD4189C10BE005E35F6 /* Views */,
				0F003BD5189C10CF005E35F6 /* ViewModels */,
				0F003BB4189C1021005E35F6 /* FTLAppDelegate.h */,
				0F003BB5189C1021005E35F6 /* FTLAppDelegate.m */,
				0F003BB7189C1021005E35F6 /* Images.xcassets */,
				0F003BE0189C24D6005E35F6 /* Stores */,
				0F003BE4189C28E7005E35F6 /* Helpers */,
				0F003BAC189C1021005E35F6 /* Supporting Files */,
			);
			path = FutuLeague;
			sourceTree = "<group>";
		};
		0F003BAC189C1021005E35F6 /* Supporting Files */ = {
			isa = PBXGroup;
			children = (
				0F003BAD189C1021005E35F6 /* FutuLeague-Info.plist */,
				0F003BAE189C1021005E35F6 /* InfoPlist.strings */,
				0F003BB1189C1021005E35F6 /* main.m */,
				0F003BB3189C1021005E35F6 /* FutuLeague-Prefix.pch */,
			);
			name = "Supporting Files";
			sourceTree = "<group>";
		};
		0F003BC4189C1021005E35F6 /* FutuLeagueTests */ = {
			isa = PBXGroup;
			children = (
				0F003BCA189C1021005E35F6 /* FutuLeagueTests.m */,
				0F003BC5189C1021005E35F6 /* Supporting Files */,
			);
			path = FutuLeagueTests;
			sourceTree = "<group>";
		};
		0F003BC5189C1021005E35F6 /* Supporting Files */ = {
			isa = PBXGroup;
			children = (
				0F003BC6189C1021005E35F6 /* FutuLeagueTests-Info.plist */,
				0F003BC7189C1021005E35F6 /* InfoPlist.strings */,
			);
			name = "Supporting Files";
			sourceTree = "<group>";
		};
		0F003BD4189C10BE005E35F6 /* Views */ = {
			isa = PBXGroup;
			children = (
				0F003BD7189C1184005E35F6 /* FTLRankingsViewController.h */,
				0F003BD8189C1184005E35F6 /* FTLRankingsViewController.m */,
				0F003BEB189C3FF0005E35F6 /* FTLNewMatchViewController.h */,
				0F003BEC189C3FF0005E35F6 /* FTLNewMatchViewController.m */,
			);
			path = Views;
			sourceTree = "<group>";
		};
		0F003BD5189C10CF005E35F6 /* ViewModels */ = {
			isa = PBXGroup;
			children = (
				0F003BDA189C12E3005E35F6 /* FTLRankingsViewModel.h */,
				0F003BDB189C12E3005E35F6 /* FTLRankingsViewModel.m */,
				0F003BEE189C406D005E35F6 /* FTLNewMatchViewModel.h */,
				0F003BEF189C406D005E35F6 /* FTLNewMatchViewModel.m */,
			);
			path = ViewModels;
			sourceTree = "<group>";
		};
		0F003BD6189C10D9005E35F6 /* Models */ = {
			isa = PBXGroup;
			children = (
				0F003BDD189C144E005E35F6 /* FTLPlayer.h */,
				0F003BDE189C144E005E35F6 /* FTLPlayer.m */,
				08C457F6189C23FD00E174FD /* FTLClub.h */,
				08C457F7189C23FD00E174FD /* FTLClub.m */,
				08C457F9189C30FE00E174FD /* FTLMatch.h */,
				08C457FA189C30FE00E174FD /* FTLMatch.m */,
			);
			path = Models;
			sourceTree = "<group>";
		};
		0F003BE0189C24D6005E35F6 /* Stores */ = {
			isa = PBXGroup;
			children = (
				0F003BE1189C2702005E35F6 /* FTLPlayerStore.h */,
				0F003BE2189C2702005E35F6 /* FTLPlayerStore.m */,
			);
			path = Stores;
			sourceTree = "<group>";
		};
		0F003BE4189C28E7005E35F6 /* Helpers */ = {
			isa = PBXGroup;
			children = (
				0F003BE5189C29A7005E35F6 /* FTLAPISessionManager.h */,
				0F003BE6189C29A7005E35F6 /* FTLAPISessionManager.m */,
				0F003BE8189C2BD8005E35F6 /* FTLAPISessionManager+Signals.h */,
				0F003BE9189C2BD8005E35F6 /* FTLAPISessionManager+Signals.m */,
			);
			path = Helpers;
			sourceTree = "<group>";
		};
/* End PBXGroup section */

/* Begin PBXNativeTarget section */
		0F003BA1189C1021005E35F6 /* FutuLeague */ = {
			isa = PBXNativeTarget;
			buildConfigurationList = 0F003BCE189C1021005E35F6 /* Build configuration list for PBXNativeTarget "FutuLeague" */;
			buildPhases = (
				5BD4E1C0FF924015A3885A31 /* Check Pods Manifest.lock */,
				0F003B9E189C1021005E35F6 /* Sources */,
				0F003B9F189C1021005E35F6 /* Frameworks */,
				0F003BA0189C1021005E35F6 /* Resources */,
				017FCD4B940449A8B11B35B2 /* Copy Pods Resources */,
			);
			buildRules = (
			);
			dependencies = (
			);
			name = FutuLeague;
			productName = FutuLeague;
			productReference = 0F003BA2189C1021005E35F6 /* FutuLeague.app */;
			productType = "com.apple.product-type.application";
		};
		0F003BBC189C1021005E35F6 /* FutuLeagueTests */ = {
			isa = PBXNativeTarget;
			buildConfigurationList = 0F003BD1189C1021005E35F6 /* Build configuration list for PBXNativeTarget "FutuLeagueTests" */;
			buildPhases = (
				0F003BB9189C1021005E35F6 /* Sources */,
				0F003BBA189C1021005E35F6 /* Frameworks */,
				0F003BBB189C1021005E35F6 /* Resources */,
			);
			buildRules = (
			);
			dependencies = (
				0F003BC3189C1021005E35F6 /* PBXTargetDependency */,
			);
			name = FutuLeagueTests;
			productName = FutuLeagueTests;
			productReference = 0F003BBD189C1021005E35F6 /* FutuLeagueTests.xctest */;
			productType = "com.apple.product-type.bundle.unit-test";
		};
/* End PBXNativeTarget section */

/* Begin PBXProject section */
		0F003B9A189C1021005E35F6 /* Project object */ = {
			isa = PBXProject;
			attributes = {
				CLASSPREFIX = FTL;
				LastUpgradeCheck = 0500;
				ORGANIZATIONNAME = Futurice;
				TargetAttributes = {
					0F003BBC189C1021005E35F6 = {
						TestTargetID = 0F003BA1189C1021005E35F6;
					};
				};
			};
			buildConfigurationList = 0F003B9D189C1021005E35F6 /* Build configuration list for PBXProject "FutuLeague" */;
			compatibilityVersion = "Xcode 3.2";
			developmentRegion = English;
			hasScannedForEncodings = 0;
			knownRegions = (
				en,
			);
			mainGroup = 0F003B99189C1021005E35F6;
			productRefGroup = 0F003BA3189C1021005E35F6 /* Products */;
			projectDirPath = "";
			projectRoot = "";
			targets = (
				0F003BA1189C1021005E35F6 /* FutuLeague */,
				0F003BBC189C1021005E35F6 /* FutuLeagueTests */,
			);
		};
/* End PBXProject section */

/* Begin PBXResourcesBuildPhase section */
		0F003BA0189C1021005E35F6 /* Resources */ = {
			isa = PBXResourcesBuildPhase;
			buildActionMask = 2147483647;
			files = (
				0F003BB0189C1021005E35F6 /* InfoPlist.strings in Resources */,
				0F003BB8189C1021005E35F6 /* Images.xcassets in Resources */,
			);
			runOnlyForDeploymentPostprocessing = 0;
		};
		0F003BBB189C1021005E35F6 /* Resources */ = {
			isa = PBXResourcesBuildPhase;
			buildActionMask = 2147483647;
			files = (
				0F003BC9189C1021005E35F6 /* InfoPlist.strings in Resources */,
			);
			runOnlyForDeploymentPostprocessing = 0;
		};
/* End PBXResourcesBuildPhase section */

/* Begin PBXShellScriptBuildPhase section */
		017FCD4B940449A8B11B35B2 /* Copy Pods Resources */ = {
			isa = PBXShellScriptBuildPhase;
			buildActionMask = 2147483647;
			files = (
			);
			inputPaths = (
			);
			name = "Copy Pods Resources";
			outputPaths = (
			);
			runOnlyForDeploymentPostprocessing = 0;
			shellPath = /bin/sh;
			shellScript = "\"${SRCROOT}/Pods/Pods-FutuLeague-resources.sh\"\n";
			showEnvVarsInLog = 0;
		};
		5BD4E1C0FF924015A3885A31 /* Check Pods Manifest.lock */ = {
			isa = PBXShellScriptBuildPhase;
			buildActionMask = 2147483647;
			files = (
			);
			inputPaths = (
			);
			name = "Check Pods Manifest.lock";
			outputPaths = (
			);
			runOnlyForDeploymentPostprocessing = 0;
			shellPath = /bin/sh;
			shellScript = "diff \"${PODS_ROOT}/../Podfile.lock\" \"${PODS_ROOT}/Manifest.lock\" > /dev/null\nif [[ $? != 0 ]] ; then\n    cat << EOM\nerror: The sandbox is not in sync with the Podfile.lock. Run 'pod install' or update your CocoaPods installation.\nEOM\n    exit 1\nfi\n";
			showEnvVarsInLog = 0;
		};
/* End PBXShellScriptBuildPhase section */

/* Begin PBXSourcesBuildPhase section */
		0F003B9E189C1021005E35F6 /* Sources */ = {
			isa = PBXSourcesBuildPhase;
			buildActionMask = 2147483647;
			files = (
				0F003BDC189C12E3005E35F6 /* FTLRankingsViewModel.m in Sources */,
				0F003BD9189C1184005E35F6 /* FTLRankingsViewController.m in Sources */,
				08C457FB189C30FE00E174FD /* FTLMatch.m in Sources */,
				0F003BB2189C1021005E35F6 /* main.m in Sources */,
				0F003BDF189C144E005E35F6 /* FTLPlayer.m in Sources */,
				08C457F8189C23FD00E174FD /* FTLClub.m in Sources */,
				0F003BF0189C406D005E35F6 /* FTLNewMatchViewModel.m in Sources */,
				0F003BE7189C29A7005E35F6 /* FTLAPISessionManager.m in Sources */,
				0F003BEA189C2BD8005E35F6 /* FTLAPISessionManager+Signals.m in Sources */,
				0F003BED189C3FF0005E35F6 /* FTLNewMatchViewController.m in Sources */,
				0F003BB6189C1021005E35F6 /* FTLAppDelegate.m in Sources */,
				0F003BE3189C2702005E35F6 /* FTLPlayerStore.m in Sources */,
			);
			runOnlyForDeploymentPostprocessing = 0;
		};
		0F003BB9189C1021005E35F6 /* Sources */ = {
			isa = PBXSourcesBuildPhase;
			buildActionMask = 2147483647;
			files = (
				0F003BCB189C1021005E35F6 /* FutuLeagueTests.m in Sources */,
			);
			runOnlyForDeploymentPostprocessing = 0;
		};
/* End PBXSourcesBuildPhase section */

/* Begin PBXTargetDependency section */
		0F003BC3189C1021005E35F6 /* PBXTargetDependency */ = {
			isa = PBXTargetDependency;
			target = 0F003BA1189C1021005E35F6 /* FutuLeague */;
			targetProxy = 0F003BC2189C1021005E35F6 /* PBXContainerItemProxy */;
		};
/* End PBXTargetDependency section */

/* Begin PBXVariantGroup section */
		0F003BAE189C1021005E35F6 /* InfoPlist.strings */ = {
			isa = PBXVariantGroup;
			children = (
				0F003BAF189C1021005E35F6 /* en */,
			);
			name = InfoPlist.strings;
			sourceTree = "<group>";
		};
		0F003BC7189C1021005E35F6 /* InfoPlist.strings */ = {
			isa = PBXVariantGroup;
			children = (
				0F003BC8189C1021005E35F6 /* en */,
			);
			name = InfoPlist.strings;
			sourceTree = "<group>";
		};
/* End PBXVariantGroup section */

/* Begin XCBuildConfiguration section */
		0F003BCC189C1021005E35F6 /* Debug */ = {
			isa = XCBuildConfiguration;
			buildSettings = {
				ALWAYS_SEARCH_USER_PATHS = NO;
				ARCHS = "$(ARCHS_STANDARD_INCLUDING_64_BIT)";
				CLANG_CXX_LANGUAGE_STANDARD = "gnu++0x";
				CLANG_CXX_LIBRARY = "libc++";
				CLANG_ENABLE_MODULES = YES;
				CLANG_ENABLE_OBJC_ARC = YES;
				CLANG_WARN_BOOL_CONVERSION = YES;
				CLANG_WARN_CONSTANT_CONVERSION = YES;
				CLANG_WARN_DIRECT_OBJC_ISA_USAGE = YES_ERROR;
				CLANG_WARN_EMPTY_BODY = YES;
				CLANG_WARN_ENUM_CONVERSION = YES;
				CLANG_WARN_INT_CONVERSION = YES;
				CLANG_WARN_OBJC_ROOT_CLASS = YES_ERROR;
				CLANG_WARN__DUPLICATE_METHOD_MATCH = YES;
				"CODE_SIGN_IDENTITY[sdk=iphoneos*]" = "iPhone Developer";
				COPY_PHASE_STRIP = NO;
				GCC_C_LANGUAGE_STANDARD = gnu99;
				GCC_DYNAMIC_NO_PIC = NO;
				GCC_OPTIMIZATION_LEVEL = 0;
				GCC_PREPROCESSOR_DEFINITIONS = (
					"DEBUG=1",
					"$(inherited)",
				);
				GCC_SYMBOLS_PRIVATE_EXTERN = NO;
				GCC_WARN_64_TO_32_BIT_CONVERSION = YES;
				GCC_WARN_ABOUT_RETURN_TYPE = YES_ERROR;
				GCC_WARN_UNDECLARED_SELECTOR = YES;
				GCC_WARN_UNINITIALIZED_AUTOS = YES;
				GCC_WARN_UNUSED_FUNCTION = YES;
				GCC_WARN_UNUSED_VARIABLE = YES;
				IPHONEOS_DEPLOYMENT_TARGET = 7.0;
				ONLY_ACTIVE_ARCH = YES;
				SDKROOT = iphoneos;
				TARGETED_DEVICE_FAMILY = 2;
			};
			name = Debug;
		};
		0F003BCD189C1021005E35F6 /* Release */ = {
			isa = XCBuildConfiguration;
			buildSettings = {
				ALWAYS_SEARCH_USER_PATHS = NO;
				ARCHS = "$(ARCHS_STANDARD_INCLUDING_64_BIT)";
				CLANG_CXX_LANGUAGE_STANDARD = "gnu++0x";
				CLANG_CXX_LIBRARY = "libc++";
				CLANG_ENABLE_MODULES = YES;
				CLANG_ENABLE_OBJC_ARC = YES;
				CLANG_WARN_BOOL_CONVERSION = YES;
				CLANG_WARN_CONSTANT_CONVERSION = YES;
				CLANG_WARN_DIRECT_OBJC_ISA_USAGE = YES_ERROR;
				CLANG_WARN_EMPTY_BODY = YES;
				CLANG_WARN_ENUM_CONVERSION = YES;
				CLANG_WARN_INT_CONVERSION = YES;
				CLANG_WARN_OBJC_ROOT_CLASS = YES_ERROR;
				CLANG_WARN__DUPLICATE_METHOD_MATCH = YES;
				"CODE_SIGN_IDENTITY[sdk=iphoneos*]" = "iPhone Developer";
				COPY_PHASE_STRIP = YES;
				ENABLE_NS_ASSERTIONS = NO;
				GCC_C_LANGUAGE_STANDARD = gnu99;
				GCC_WARN_64_TO_32_BIT_CONVERSION = YES;
				GCC_WARN_ABOUT_RETURN_TYPE = YES_ERROR;
				GCC_WARN_UNDECLARED_SELECTOR = YES;
				GCC_WARN_UNINITIALIZED_AUTOS = YES;
				GCC_WARN_UNUSED_FUNCTION = YES;
				GCC_WARN_UNUSED_VARIABLE = YES;
				IPHONEOS_DEPLOYMENT_TARGET = 7.0;
				SDKROOT = iphoneos;
				TARGETED_DEVICE_FAMILY = 2;
				VALIDATE_PRODUCT = YES;
			};
			name = Release;
		};
		0F003BCF189C1021005E35F6 /* Debug */ = {
			isa = XCBuildConfiguration;
			baseConfigurationReference = BC97C4AD9ECC4E36ADB7611F /* Pods-FutuLeague.xcconfig */;
			buildSettings = {
				ASSETCATALOG_COMPILER_APPICON_NAME = AppIcon;
				ASSETCATALOG_COMPILER_LAUNCHIMAGE_NAME = LaunchImage;
				GCC_PRECOMPILE_PREFIX_HEADER = YES;
				GCC_PREFIX_HEADER = "FutuLeague/FutuLeague-Prefix.pch";
				INFOPLIST_FILE = "FutuLeague/FutuLeague-Info.plist";
				PRODUCT_NAME = "$(TARGET_NAME)";
				WRAPPER_EXTENSION = app;
			};
			name = Debug;
		};
		0F003BD0189C1021005E35F6 /* Release */ = {
			isa = XCBuildConfiguration;
			baseConfigurationReference = BC97C4AD9ECC4E36ADB7611F /* Pods-FutuLeague.xcconfig */;
			buildSettings = {
				ASSETCATALOG_COMPILER_APPICON_NAME = AppIcon;
				ASSETCATALOG_COMPILER_LAUNCHIMAGE_NAME = LaunchImage;
				GCC_PRECOMPILE_PREFIX_HEADER = YES;
				GCC_PREFIX_HEADER = "FutuLeague/FutuLeague-Prefix.pch";
				INFOPLIST_FILE = "FutuLeague/FutuLeague-Info.plist";
				PRODUCT_NAME = "$(TARGET_NAME)";
				WRAPPER_EXTENSION = app;
			};
			name = Release;
		};
		0F003BD2189C1021005E35F6 /* Debug */ = {
			isa = XCBuildConfiguration;
			buildSettings = {
				ARCHS = "$(ARCHS_STANDARD_INCLUDING_64_BIT)";
				BUNDLE_LOADER = "$(BUILT_PRODUCTS_DIR)/FutuLeague.app/FutuLeague";
				FRAMEWORK_SEARCH_PATHS = (
					"$(SDKROOT)/Developer/Library/Frameworks",
					"$(inherited)",
					"$(DEVELOPER_FRAMEWORKS_DIR)",
				);
				GCC_PRECOMPILE_PREFIX_HEADER = YES;
				GCC_PREFIX_HEADER = "FutuLeague/FutuLeague-Prefix.pch";
				GCC_PREPROCESSOR_DEFINITIONS = (
					"DEBUG=1",
					"$(inherited)",
				);
				INFOPLIST_FILE = "FutuLeagueTests/FutuLeagueTests-Info.plist";
				PRODUCT_NAME = "$(TARGET_NAME)";
				TEST_HOST = "$(BUNDLE_LOADER)";
				WRAPPER_EXTENSION = xctest;
			};
			name = Debug;
		};
		0F003BD3189C1021005E35F6 /* Release */ = {
			isa = XCBuildConfiguration;
			buildSettings = {
				ARCHS = "$(ARCHS_STANDARD_INCLUDING_64_BIT)";
				BUNDLE_LOADER = "$(BUILT_PRODUCTS_DIR)/FutuLeague.app/FutuLeague";
				FRAMEWORK_SEARCH_PATHS = (
					"$(SDKROOT)/Developer/Library/Frameworks",
					"$(inherited)",
					"$(DEVELOPER_FRAMEWORKS_DIR)",
				);
				GCC_PRECOMPILE_PREFIX_HEADER = YES;
				GCC_PREFIX_HEADER = "FutuLeague/FutuLeague-Prefix.pch";
				INFOPLIST_FILE = "FutuLeagueTests/FutuLeagueTests-Info.plist";
				PRODUCT_NAME = "$(TARGET_NAME)";
				TEST_HOST = "$(BUNDLE_LOADER)";
				WRAPPER_EXTENSION = xctest;
			};
			name = Release;
		};
/* End XCBuildConfiguration section */

/* Begin XCConfigurationList section */
		0F003B9D189C1021005E35F6 /* Build configuration list for PBXProject "FutuLeague" */ = {
			isa = XCConfigurationList;
			buildConfigurations = (
				0F003BCC189C1021005E35F6 /* Debug */,
				0F003BCD189C1021005E35F6 /* Release */,
			);
			defaultConfigurationIsVisible = 0;
			defaultConfigurationName = Release;
		};
		0F003BCE189C1021005E35F6 /* Build configuration list for PBXNativeTarget "FutuLeague" */ = {
			isa = XCConfigurationList;
			buildConfigurations = (
				0F003BCF189C1021005E35F6 /* Debug */,
				0F003BD0189C1021005E35F6 /* Release */,
			);
			defaultConfigurationIsVisible = 0;
			defaultConfigurationName = Release;
		};
		0F003BD1189C1021005E35F6 /* Build configuration list for PBXNativeTarget "FutuLeagueTests" */ = {
			isa = XCConfigurationList;
			buildConfigurations = (
				0F003BD2189C1021005E35F6 /* Debug */,
				0F003BD3189C1021005E35F6 /* Release */,
			);
			defaultConfigurationIsVisible = 0;
			defaultConfigurationName = Release;
		};
/* End XCConfigurationList section */
	};
	rootObject = 0F003B9A189C1021005E35F6 /* Project object */;
}
